
Microsoft Visual Studio Solution File, Format Version 12.00
# Visual Studio Version 17
VisualStudioVersion = 17.1.32319.34
MinimumVisualStudioVersion = 10.0.40219.1
Project("{FAE04EC0-301F-11D3-BF4B-00C04F79EFBC}") = "ShopManagement", "ShopManagement\ShopManagement.csproj", "{C81A5C2D-600A-461D-9460-42212ABCD6D7}"
EndProject
Global
	GlobalSection(SolutionConfigurationPlatforms) = preSolution
		Debug|Any CPU = Debug|Any CPU
		Release|Any CPU = Release|Any CPU
	EndGlobalSection
	GlobalSection(ProjectConfigurationPlatforms) = postSolution
		{C81A5C2D-600A-461D-9460-42212ABCD6D7}.Debug|Any CPU.ActiveCfg = Debug|Any CPU
		{C81A5C2D-600A-461D-9460-42212ABCD6D7}.Debug|Any CPU.Build.0 = Debug|Any CPU
		{C81A5C2D-600A-461D-9460-42212ABCD6D7}.Release|Any CPU.ActiveCfg = Release|Any CPU
		{C81A5C2D-600A-461D-9460-42212ABCD6D7}.Release|Any CPU.Build.0 = Release|Any CPU
	EndGlobalSection
	GlobalSection(SolutionProperties) = preSolution
		HideSolutionNode = FALSE
	EndGlobalSection
	GlobalSection(ExtensibilityGlobals) = postSolution
		SolutionGuid = {763E1B6A-CB9B-40FB-8E42-174F75441BA6}
	EndGlobalSection
EndGlobal
